
Microsoft Visual Studio Solution File, Format Version 12.00
# Visual Studio Version 16
VisualStudioVersion = 16.0.30523.141
MinimumVisualStudioVersion = 10.0.40219.1
Project("{FAE04EC0-301F-11D3-BF4B-00C04F79EFBC}") = "EfCore", "EfCore\EfCore.csproj", "{1C42F319-F916-4108-8CDD-A1599AA7B6E5}"
EndProject
Global
	GlobalSection(SolutionConfigurationPlatforms) = preSolution
		Debug|Any CPU = Debug|Any CPU
		Release|Any CPU = Release|Any CPU
	EndGlobalSection
	GlobalSection(ProjectConfigurationPlatforms) = postSolution
		{1C42F319-F916-4108-8CDD-A1599AA7B6E5}.Debug|Any CPU.ActiveCfg = Debug|Any CPU
		{1C42F319-F916-4108-8CDD-A1599AA7B6E5}.Debug|Any CPU.Build.0 = Debug|Any CPU
		{1C42F319-F916-4108-8CDD-A1599AA7B6E5}.Release|Any CPU.ActiveCfg = Release|Any CPU
		{1C42F319-F916-4108-8CDD-A1599AA7B6E5}.Release|Any CPU.Build.0 = Release|Any CPU
	EndGlobalSection
	GlobalSection(SolutionProperties) = preSolution
		HideSolutionNode = FALSE
	EndGlobalSection
	GlobalSection(ExtensibilityGlobals) = postSolution
		SolutionGuid = {DF68CAD6-6CCC-4158-84C0-6F8356A1DD5B}
	EndGlobalSection
EndGlobal
